
Microsoft Visual Studio Solution File, Format Version 12.00
# Visual Studio 14
VisualStudioVersion = 14.0.25420.1
MinimumVisualStudioVersion = 10.0.40219.1
Project("{FAE04EC0-301F-11D3-BF4B-00C04F79EFBC}") = "TestWpfAppStarikov", "TestWpfAppStarikov\TestWpfAppStarikov.csproj", "{943401D0-2E23-4C2E-9C9B-7E4F30FC03E6}"
EndProject
Project("{FAE04EC0-301F-11D3-BF4B-00C04F79EFBC}") = "Model", "Model\Model.csproj", "{828D16D2-709E-4DF4-A377-33DF95DAE206}"
EndProject
Global
	GlobalSection(SolutionConfigurationPlatforms) = preSolution
		Debug|Any CPU = Debug|Any CPU
		Release|Any CPU = Release|Any CPU
	EndGlobalSection
	GlobalSection(ProjectConfigurationPlatforms) = postSolution
		{943401D0-2E23-4C2E-9C9B-7E4F30FC03E6}.Debug|Any CPU.ActiveCfg = Debug|Any CPU
		{943401D0-2E23-4C2E-9C9B-7E4F30FC03E6}.Debug|Any CPU.Build.0 = Debug|Any CPU
		{943401D0-2E23-4C2E-9C9B-7E4F30FC03E6}.Release|Any CPU.ActiveCfg = Release|Any CPU
		{943401D0-2E23-4C2E-9C9B-7E4F30FC03E6}.Release|Any CPU.Build.0 = Release|Any CPU
		{828D16D2-709E-4DF4-A377-33DF95DAE206}.Debug|Any CPU.ActiveCfg = Debug|Any CPU
		{828D16D2-709E-4DF4-A377-33DF95DAE206}.Debug|Any CPU.Build.0 = Debug|Any CPU
		{828D16D2-709E-4DF4-A377-33DF95DAE206}.Release|Any CPU.ActiveCfg = Release|Any CPU
		{828D16D2-709E-4DF4-A377-33DF95DAE206}.Release|Any CPU.Build.0 = Release|Any CPU
	EndGlobalSection
	GlobalSection(SolutionProperties) = preSolution
		HideSolutionNode = FALSE
	EndGlobalSection
EndGlobal
